
Microsoft Visual Studio Solution File, Format Version 12.00
# Visual Studio Version 16
VisualStudioVersion = 16.0.28809.33
MinimumVisualStudioVersion = 10.0.40219.1
Project("{FAE04EC0-301F-11D3-BF4B-00C04F79EFBC}") = "Listas", "Listas\Listas.csproj", "{C3C4069B-F54F-429E-9F3A-45854577468B}"
EndProject
Global
	GlobalSection(SolutionConfigurationPlatforms) = preSolution
		Debug|Any CPU = Debug|Any CPU
		Release|Any CPU = Release|Any CPU
	EndGlobalSection
	GlobalSection(ProjectConfigurationPlatforms) = postSolution
		{C3C4069B-F54F-429E-9F3A-45854577468B}.Debug|Any CPU.ActiveCfg = Debug|Any CPU
		{C3C4069B-F54F-429E-9F3A-45854577468B}.Debug|Any CPU.Build.0 = Debug|Any CPU
		{C3C4069B-F54F-429E-9F3A-45854577468B}.Release|Any CPU.ActiveCfg = Release|Any CPU
		{C3C4069B-F54F-429E-9F3A-45854577468B}.Release|Any CPU.Build.0 = Release|Any CPU
	EndGlobalSection
	GlobalSection(SolutionProperties) = preSolution
		HideSolutionNode = FALSE
	EndGlobalSection
	GlobalSection(ExtensibilityGlobals) = postSolution
		SolutionGuid = {55D52EBC-4DA6-4CE9-A852-2E33B30A70C2}
	EndGlobalSection
EndGlobal
